// !$*UTF8*$!
{
	archiveVersion = 1;
	classes = {
	};
	objectVersion = 77;
	objects = {

/* Begin PBXBuildFile section */
		FA4EEDA42E56B8A90038DBBA /* libfoundation_algorithm.dylib in Frameworks */ = {isa = PBXBuildFile; fileRef = FA4EED7E2E56B7BA0038DBBA /* libfoundation_algorithm.dylib */; };
		FADA5E5E2E56E48300E62AA6 /* Foundation.framework in Frameworks */ = {isa = PBXBuildFile; fileRef = FADA5E5D2E56E48300E62AA6 /* Foundation.framework */; };
/* End PBXBuildFile section */

/* Begin PBXContainerItemProxy section */
		FA4EEDA52E56B8A90038DBBA /* PBXContainerItemProxy */ = {
			isa = PBXContainerItemProxy;
			containerPortal = FA4EED762E56B7BA0038DBBA /* Project object */;
			proxyType = 1;
			remoteGlobalIDString = FA4EED7D2E56B7BA0038DBBA;
			remoteInfo = foundation_algorithm;
		};
/* End PBXContainerItemProxy section */

/* Begin PBXFileReference section */
		FA4EED7E2E56B7BA0038DBBA /* libfoundation_algorithm.dylib */ = {isa = PBXFileReference; explicitFileType = "compiled.mach-o.dylib"; includeInIndex = 0; path = libfoundation_algorithm.dylib; sourceTree = BUILT_PRODUCTS_DIR; };
		FA4EEDA02E56B8A90038DBBA /* unit_test.xctest */ = {isa = PBXFileReference; explicitFileType = wrapper.cfbundle; includeInIndex = 0; path = unit_test.xctest; sourceTree = BUILT_PRODUCTS_DIR; };
		FADA5E5D2E56E48300E62AA6 /* Foundation.framework */ = {isa = PBXFileReference; lastKnownFileType = wrapper.framework; name = Foundation.framework; path = System/Library/Frameworks/Foundation.framework; sourceTree = SDKROOT; };
/* End PBXFileReference section */

/* Begin PBXFileSystemSynchronizedBuildFileExceptionSet section */
		FAF178C92EC065D700A5CE42 /* Exceptions for "foundation_algorithm" folder in "foundation_algorithm" target */ = {
			isa = PBXFileSystemSynchronizedBuildFileExceptionSet;
			membershipExceptions = (
				data/recursive/Recursive.cpp,
				data/recursive/Recursive.hpp,
			);
			target = FA4EED7D2E56B7BA0038DBBA /* foundation_algorithm */;
		};
		FAF178CA2EC065D700A5CE42 /* Exceptions for "foundation_algorithm" folder in "unit_test" target */ = {
			isa = PBXFileSystemSynchronizedBuildFileExceptionSet;
			membershipExceptions = (
				data/recursive/Recursive.cpp,
			);
			target = FA4EED9F2E56B8A90038DBBA /* unit_test */;
		};
/* End PBXFileSystemSynchronizedBuildFileExceptionSet section */

/* Begin PBXFileSystemSynchronizedRootGroup section */
		FA4EED802E56B7BA0038DBBA /* foundation_algorithm */ = {
			isa = PBXFileSystemSynchronizedRootGroup;
			exceptions = (
				FAF178C92EC065D700A5CE42 /* Exceptions for "foundation_algorithm" folder in "foundation_algorithm" target */,
				FAF178CA2EC065D700A5CE42 /* Exceptions for "foundation_algorithm" folder in "unit_test" target */,
			);
			path = foundation_algorithm;
			sourceTree = "<group>";
		};
		FA4EEDA12E56B8A90038DBBA /* unit_test */ = {
			isa = PBXFileSystemSynchronizedRootGroup;
			path = unit_test;
			sourceTree = "<group>";
		};
/* End PBXFileSystemSynchronizedRootGroup section */

/* Begin PBXFrameworksBuildPhase section */
		FA4EED7C2E56B7BA0038DBBA /* Frameworks */ = {
			isa = PBXFrameworksBuildPhase;
			buildActionMask = 2147483647;
			files = (
			);
			runOnlyForDeploymentPostprocessing = 0;
		};
		FA4EED9D2E56B8A90038DBBA /* Frameworks */ = {
			isa = PBXFrameworksBuildPhase;
			buildActionMask = 2147483647;
			files = (
				FA4EEDA42E56B8A90038DBBA /* libfoundation_algorithm.dylib in Frameworks */,
				FADA5E5E2E56E48300E62AA6 /* Foundation.framework in Frameworks */,
			);
			runOnlyForDeploymentPostprocessing = 0;
		};
/* End PBXFrameworksBuildPhase section */

/* Begin PBXGroup section */
		FA4EED752E56B7BA0038DBBA = {
			isa = PBXGroup;
			children = (
				FA4EED802E56B7BA0038DBBA /* foundation_algorithm */,
				FA4EEDA12E56B8A90038DBBA /* unit_test */,
				FADA5E5C2E56E48300E62AA6 /* Frameworks */,
				FA4EED7F2E56B7BA0038DBBA /* Products */,
			);
			sourceTree = "<group>";
		};
		FA4EED7F2E56B7BA0038DBBA /* Products */ = {
			isa = PBXGroup;
			children = (
				FA4EED7E2E56B7BA0038DBBA /* libfoundation_algorithm.dylib */,
				FA4EEDA02E56B8A90038DBBA /* unit_test.xctest */,
			);
			name = Products;
			sourceTree = "<group>";
		};
		FADA5E5C2E56E48300E62AA6 /* Frameworks */ = {
			isa = PBXGroup;
			children = (
				FADA5E5D2E56E48300E62AA6 /* Foundation.framework */,
			);
			name = Frameworks;
			sourceTree = "<group>";
		};
/* End PBXGroup section */

/* Begin PBXHeadersBuildPhase section */
		FA4EED7A2E56B7BA0038DBBA /* Headers */ = {
			isa = PBXHeadersBuildPhase;
			buildActionMask = 2147483647;
			files = (
			);
			runOnlyForDeploymentPostprocessing = 0;
		};
/* End PBXHeadersBuildPhase section */

/* Begin PBXNativeTarget section */
		FA4EED7D2E56B7BA0038DBBA /* foundation_algorithm */ = {
			isa = PBXNativeTarget;
			buildConfigurationList = FA4EED892E56B7BA0038DBBA /* Build configuration list for PBXNativeTarget "foundation_algorithm" */;
			buildPhases = (
				FA4EED7A2E56B7BA0038DBBA /* Headers */,
				FA4EED7B2E56B7BA0038DBBA /* Sources */,
				FA4EED7C2E56B7BA0038DBBA /* Frameworks */,
			);
			buildRules = (
			);
			dependencies = (
			);
			fileSystemSynchronizedGroups = (
				FA4EED802E56B7BA0038DBBA /* foundation_algorithm */,
			);
			name = foundation_algorithm;
			packageProductDependencies = (
			);
			productName = foundation_algorithm;
			productReference = FA4EED7E2E56B7BA0038DBBA /* libfoundation_algorithm.dylib */;
			productType = "com.apple.product-type.library.dynamic";
		};
		FA4EED9F2E56B8A90038DBBA /* unit_test */ = {
			isa = PBXNativeTarget;
			buildConfigurationList = FA4EEDA92E56B8A90038DBBA /* Build configuration list for PBXNativeTarget "unit_test" */;
			buildPhases = (
				FA4EED9C2E56B8A90038DBBA /* Sources */,
				FA4EED9D2E56B8A90038DBBA /* Frameworks */,
				FA4EED9E2E56B8A90038DBBA /* Resources */,
			);
			buildRules = (
			);
			dependencies = (
				FA4EEDA62E56B8A90038DBBA /* PBXTargetDependency */,
			);
			fileSystemSynchronizedGroups = (
				FA4EEDA12E56B8A90038DBBA /* unit_test */,
			);
			name = unit_test;
			packageProductDependencies = (
			);
			productName = unit_test;
			productReference = FA4EEDA02E56B8A90038DBBA /* unit_test.xctest */;
			productType = "com.apple.product-type.bundle.unit-test";
		};
/* End PBXNativeTarget section */

/* Begin PBXProject section */
		FA4EED762E56B7BA0038DBBA /* Project object */ = {
			isa = PBXProject;
			attributes = {
				BuildIndependentTargetsInParallel = 1;
				LastUpgradeCheck = 1640;
				TargetAttributes = {
					FA4EED7D2E56B7BA0038DBBA = {
						CreatedOnToolsVersion = 16.4;
					};
					FA4EED9F2E56B8A90038DBBA = {
						CreatedOnToolsVersion = 16.4;
						LastSwiftMigration = 1640;
					};
				};
			};
			buildConfigurationList = FA4EED792E56B7BA0038DBBA /* Build configuration list for PBXProject "foundation_algorithm" */;
			developmentRegion = en;
			hasScannedForEncodings = 0;
			knownRegions = (
				en,
				Base,
			);
			mainGroup = FA4EED752E56B7BA0038DBBA;
			minimizedProjectReferenceProxies = 1;
			preferredProjectObjectVersion = 77;
			productRefGroup = FA4EED7F2E56B7BA0038DBBA /* Products */;
			projectDirPath = "";
			projectRoot = "";
			targets = (
				FA4EED7D2E56B7BA0038DBBA /* foundation_algorithm */,
				FA4EED9F2E56B8A90038DBBA /* unit_test */,
			);
		};
/* End PBXProject section */

/* Begin PBXResourcesBuildPhase section */
		FA4EED9E2E56B8A90038DBBA /* Resources */ = {
			isa = PBXResourcesBuildPhase;
			buildActionMask = 2147483647;
			files = (
			);
			runOnlyForDeploymentPostprocessing = 0;
		};
/* End PBXResourcesBuildPhase section */

/* Begin PBXSourcesBuildPhase section */
		FA4EED7B2E56B7BA0038DBBA /* Sources */ = {
			isa = PBXSourcesBuildPhase;
			buildActionMask = 2147483647;
			files = (
			);
			runOnlyForDeploymentPostprocessing = 0;
		};
		FA4EED9C2E56B8A90038DBBA /* Sources */ = {
			isa = PBXSourcesBuildPhase;
			buildActionMask = 2147483647;
			files = (
			);
			runOnlyForDeploymentPostprocessing = 0;
		};
/* End PBXSourcesBuildPhase section */

/* Begin PBXTargetDependency section */
		FA4EEDA62E56B8A90038DBBA /* PBXTargetDependency */ = {
			isa = PBXTargetDependency;
			target = FA4EED7D2E56B7BA0038DBBA /* foundation_algorithm */;
			targetProxy = FA4EEDA52E56B8A90038DBBA /* PBXContainerItemProxy */;
		};
/* End PBXTargetDependency section */

/* Begin XCBuildConfiguration section */
		FA4EED872E56B7BA0038DBBA /* Debug */ = {
			isa = XCBuildConfiguration;
			buildSettings = {
				ALWAYS_SEARCH_USER_PATHS = NO;
				ASSETCATALOG_COMPILER_GENERATE_SWIFT_ASSET_SYMBOL_EXTENSIONS = YES;
				CLANG_ANALYZER_NONNULL = YES;
				CLANG_ANALYZER_NUMBER_OBJECT_CONVERSION = YES_AGGRESSIVE;
				CLANG_CXX_LANGUAGE_STANDARD = "gnu++20";
				CLANG_ENABLE_MODULES = YES;
				CLANG_ENABLE_OBJC_ARC = YES;
				CLANG_ENABLE_OBJC_WEAK = YES;
				CLANG_WARN_BLOCK_CAPTURE_AUTORELEASING = YES;
				CLANG_WARN_BOOL_CONVERSION = YES;
				CLANG_WARN_COMMA = YES;
				CLANG_WARN_CONSTANT_CONVERSION = YES;
				CLANG_WARN_DEPRECATED_OBJC_IMPLEMENTATIONS = YES;
				CLANG_WARN_DIRECT_OBJC_ISA_USAGE = YES_ERROR;
				CLANG_WARN_DOCUMENTATION_COMMENTS = YES;
				CLANG_WARN_EMPTY_BODY = YES;
				CLANG_WARN_ENUM_CONVERSION = YES;
				CLANG_WARN_INFINITE_RECURSION = YES;
				CLANG_WARN_INT_CONVERSION = YES;
				CLANG_WARN_NON_LITERAL_NULL_CONVERSION = YES;
				CLANG_WARN_OBJC_IMPLICIT_RETAIN_SELF = YES;
				CLANG_WARN_OBJC_LITERAL_CONVERSION = YES;
				CLANG_WARN_OBJC_ROOT_CLASS = YES_ERROR;
				CLANG_WARN_QUOTED_INCLUDE_IN_FRAMEWORK_HEADER = YES;
				CLANG_WARN_RANGE_LOOP_ANALYSIS = YES;
				CLANG_WARN_STRICT_PROTOTYPES = YES;
				CLANG_WARN_SUSPICIOUS_MOVE = YES;
				CLANG_WARN_UNGUARDED_AVAILABILITY = YES_AGGRESSIVE;
				CLANG_WARN_UNREACHABLE_CODE = YES;
				CLANG_WARN__DUPLICATE_METHOD_MATCH = YES;
				COPY_PHASE_STRIP = NO;
				DEBUG_INFORMATION_FORMAT = dwarf;
				DEVELOPMENT_TEAM = C9V674GA4T;
				ENABLE_STRICT_OBJC_MSGSEND = YES;
				ENABLE_TESTABILITY = YES;
				ENABLE_USER_SCRIPT_SANDBOXING = YES;
				GCC_C_LANGUAGE_STANDARD = gnu17;
				GCC_DYNAMIC_NO_PIC = NO;
				GCC_NO_COMMON_BLOCKS = YES;
				GCC_OPTIMIZATION_LEVEL = 0;
				GCC_PREPROCESSOR_DEFINITIONS = (
					"DEBUG=1",
					"$(inherited)",
				);
				GCC_WARN_64_TO_32_BIT_CONVERSION = YES;
				GCC_WARN_ABOUT_RETURN_TYPE = YES_ERROR;
				GCC_WARN_UNDECLARED_SELECTOR = YES;
				GCC_WARN_UNINITIALIZED_AUTOS = YES_AGGRESSIVE;
				GCC_WARN_UNUSED_FUNCTION = YES;
				GCC_WARN_UNUSED_VARIABLE = YES;
				LOCALIZATION_PREFERS_STRING_CATALOGS = YES;
				MACOSX_DEPLOYMENT_TARGET = 15.5;
				MTL_ENABLE_DEBUG_INFO = INCLUDE_SOURCE;
				MTL_FAST_MATH = YES;
				ONLY_ACTIVE_ARCH = YES;
				SDKROOT = macosx;
			};
			name = Debug;
		};
		FA4EED882E56B7BA0038DBBA /* Release */ = {
			isa = XCBuildConfiguration;
			buildSettings = {
				ALWAYS_SEARCH_USER_PATHS = NO;
				ASSETCATALOG_COMPILER_GENERATE_SWIFT_ASSET_SYMBOL_EXTENSIONS = YES;
				CLANG_ANALYZER_NONNULL = YES;
				CLANG_ANALYZER_NUMBER_OBJECT_CONVERSION = YES_AGGRESSIVE;
				CLANG_CXX_LANGUAGE_STANDARD = "gnu++20";
				CLANG_ENABLE_MODULES = YES;
				CLANG_ENABLE_OBJC_ARC = YES;
				CLANG_ENABLE_OBJC_WEAK = YES;
				CLANG_WARN_BLOCK_CAPTURE_AUTORELEASING = YES;
				CLANG_WARN_BOOL_CONVERSION = YES;
				CLANG_WARN_COMMA = YES;
				CLANG_WARN_CONSTANT_CONVERSION = YES;
				CLANG_WARN_DEPRECATED_OBJC_IMPLEMENTATIONS = YES;
				CLANG_WARN_DIRECT_OBJC_ISA_USAGE = YES_ERROR;
				CLANG_WARN_DOCUMENTATION_COMMENTS = YES;
				CLANG_WARN_EMPTY_BODY = YES;
				CLANG_WARN_ENUM_CONVERSION = YES;
				CLANG_WARN_INFINITE_RECURSION = YES;
				CLANG_WARN_INT_CONVERSION = YES;
				CLANG_WARN_NON_LITERAL_NULL_CONVERSION = YES;
				CLANG_WARN_OBJC_IMPLICIT_RETAIN_SELF = YES;
				CLANG_WARN_OBJC_LITERAL_CONVERSION = YES;
				CLANG_WARN_OBJC_ROOT_CLASS = YES_ERROR;
				CLANG_WARN_QUOTED_INCLUDE_IN_FRAMEWORK_HEADER = YES;
				CLANG_WARN_RANGE_LOOP_ANALYSIS = YES;
				CLANG_WARN_STRICT_PROTOTYPES = YES;
				CLANG_WARN_SUSPICIOUS_MOVE = YES;
				CLANG_WARN_UNGUARDED_AVAILABILITY = YES_AGGRESSIVE;
				CLANG_WARN_UNREACHABLE_CODE = YES;
				CLANG_WARN__DUPLICATE_METHOD_MATCH = YES;
				COPY_PHASE_STRIP = NO;
				DEBUG_INFORMATION_FORMAT = "dwarf-with-dsym";
				DEVELOPMENT_TEAM = C9V674GA4T;
				ENABLE_NS_ASSERTIONS = NO;
				ENABLE_STRICT_OBJC_MSGSEND = YES;
				ENABLE_USER_SCRIPT_SANDBOXING = YES;
				GCC_C_LANGUAGE_STANDARD = gnu17;
				GCC_NO_COMMON_BLOCKS = YES;
				GCC_WARN_64_TO_32_BIT_CONVERSION = YES;
				GCC_WARN_ABOUT_RETURN_TYPE = YES_ERROR;
				GCC_WARN_UNDECLARED_SELECTOR = YES;
				GCC_WARN_UNINITIALIZED_AUTOS = YES_AGGRESSIVE;
				GCC_WARN_UNUSED_FUNCTION = YES;
				GCC_WARN_UNUSED_VARIABLE = YES;
				LOCALIZATION_PREFERS_STRING_CATALOGS = YES;
				MACOSX_DEPLOYMENT_TARGET = 15.5;
				MTL_ENABLE_DEBUG_INFO = NO;
				MTL_FAST_MATH = YES;
				SDKROOT = macosx;
			};
			name = Release;
		};
		FA4EED8A2E56B7BA0038DBBA /* Debug */ = {
			isa = XCBuildConfiguration;
			buildSettings = {
				CODE_SIGN_STYLE = Automatic;
				DEVELOPMENT_TEAM = C9V674GA4T;
				DYLIB_COMPATIBILITY_VERSION = 1;
				DYLIB_CURRENT_VERSION = 1;
				EXECUTABLE_PREFIX = lib;
				GCC_ENABLE_CPP_EXCEPTIONS = YES;
				GCC_ENABLE_CPP_RTTI = YES;
				GCC_SYMBOLS_PRIVATE_EXTERN = YES;
				PRODUCT_NAME = "$(TARGET_NAME)";
				SKIP_INSTALL = YES;
			};
			name = Debug;
		};
		FA4EED8B2E56B7BA0038DBBA /* Release */ = {
			isa = XCBuildConfiguration;
			buildSettings = {
				CODE_SIGN_STYLE = Automatic;
				DEVELOPMENT_TEAM = C9V674GA4T;
				DYLIB_COMPATIBILITY_VERSION = 1;
				DYLIB_CURRENT_VERSION = 1;
				EXECUTABLE_PREFIX = lib;
				GCC_ENABLE_CPP_EXCEPTIONS = YES;
				GCC_ENABLE_CPP_RTTI = YES;
				GCC_SYMBOLS_PRIVATE_EXTERN = YES;
				PRODUCT_NAME = "$(TARGET_NAME)";
				SKIP_INSTALL = YES;
			};
			name = Release;
		};
		FA4EEDA72E56B8A90038DBBA /* Debug */ = {
			isa = XCBuildConfiguration;
			buildSettings = {
				CLANG_ENABLE_MODULES = YES;
				"CODE_SIGN_IDENTITY[sdk=macosx*]" = "Apple Development";
				CODE_SIGN_STYLE = Automatic;
				CURRENT_PROJECT_VERSION = 1;
				DEVELOPMENT_TEAM = C9V674GA4T;
				GENERATE_INFOPLIST_FILE = YES;
				MARKETING_VERSION = 1.0;
				PRODUCT_BUNDLE_IDENTIFIER = "com.foundation.algorithm.unit-test";
				PRODUCT_NAME = "$(TARGET_NAME)";
				SWIFT_EMIT_LOC_STRINGS = NO;
				SWIFT_OPTIMIZATION_LEVEL = "-Onone";
				SWIFT_VERSION = 6.0;
			};
			name = Debug;
		};
		FA4EEDA82E56B8A90038DBBA /* Release */ = {
			isa = XCBuildConfiguration;
			buildSettings = {
				CLANG_ENABLE_MODULES = YES;
				"CODE_SIGN_IDENTITY[sdk=macosx*]" = "Apple Development";
				CODE_SIGN_STYLE = Automatic;
				CURRENT_PROJECT_VERSION = 1;
				DEVELOPMENT_TEAM = C9V674GA4T;
				GENERATE_INFOPLIST_FILE = YES;
				MARKETING_VERSION = 1.0;
				PRODUCT_BUNDLE_IDENTIFIER = "com.foundation.algorithm.unit-test";
				PRODUCT_NAME = "$(TARGET_NAME)";
				SWIFT_EMIT_LOC_STRINGS = NO;
				SWIFT_VERSION = 6.0;
			};
			name = Release;
		};
/* End XCBuildConfiguration section */

/* Begin XCConfigurationList section */
		FA4EED792E56B7BA0038DBBA /* Build configuration list for PBXProject "foundation_algorithm" */ = {
			isa = XCConfigurationList;
			buildConfigurations = (
				FA4EED872E56B7BA0038DBBA /* Debug */,
				FA4EED882E56B7BA0038DBBA /* Release */,
			);
			defaultConfigurationIsVisible = 0;
			defaultConfigurationName = Release;
		};
		FA4EED892E56B7BA0038DBBA /* Build configuration list for PBXNativeTarget "foundation_algorithm" */ = {
			isa = XCConfigurationList;
			buildConfigurations = (
				FA4EED8A2E56B7BA0038DBBA /* Debug */,
				FA4EED8B2E56B7BA0038DBBA /* Release */,
			);
			defaultConfigurationIsVisible = 0;
			defaultConfigurationName = Release;
		};
		FA4EEDA92E56B8A90038DBBA /* Build configuration list for PBXNativeTarget "unit_test" */ = {
			isa = XCConfigurationList;
			buildConfigurations = (
				FA4EEDA72E56B8A90038DBBA /* Debug */,
				FA4EEDA82E56B8A90038DBBA /* Release */,
			);
			defaultConfigurationIsVisible = 0;
			defaultConfigurationName = Release;
		};
/* End XCConfigurationList section */
	};
	rootObject = FA4EED762E56B7BA0038DBBA /* Project object */;
}
